lockfileVersion: '9.0'

settings:
  autoInstallPeers: true
  excludeLinksFromLockfile: false

importers:

  .:
    devDependencies:
      '@taplo/cli':
        specifier: 0.7.0
        version: 0.7.0
      prettier:
        specifier: 3.8.4
        version: 3.8.4

packages:

  '@taplo/cli@0.7.0':
    resolution: {integrity: sha512-Ck3zFhQhIhi02Hl6T4ZmJsXdnJE+wXcJz5f8klxd4keRYgenMnip3JDPMGDRLbnC/2iGd8P0sBIQqI3KxfVjBg==}
    hasBin: true

  prettier@3.8.4:
    resolution: {integrity: sha512-N2MylSdi48+5N/6S5j+maeHbUSIzzZ5uOcX5Hm4QpV8Dkb1HFjfAKTKX6yNPJQD9AhcT3ifHNB66tWTTJDi11Q==}
    engines: {node: '>=14'}
    hasBin: true

snapshots:

  '@taplo/cli@0.7.0': {}

  prettier@3.8.4: {}
